{
  "pins" : [
    {
      "identity" : "mergevideolibrary",
      "kind" : "remoteSourceControl",
      "location" : "https://github.com/RomanCarbon/MergeVideoLibrary",
      "state" : {
        "branch" : "main",
        "revision" : "4733f0c6bc5fddafda5d45e7b8736bd416670c12"
      }
    }
  ],
  "version" : 2
}
